
Microsoft Visual Studio Solution File, Format Version 12.00
# Visual Studio 15
VisualStudioVersion = 15.0.27703.2035
MinimumVisualStudioVersion = 10.0.40219.1
Project("{E24C65DC-7377-472B-9ABA-BC803B73C61A}") = "ding", "ding\", "{277F77C8-794E-4FF2-A23A-81E71BAF210D}"
	ProjectSection(WebsiteProperties) = preProject
		TargetFrameworkMoniker = ".NETFramework,Version%3Dv4.0"
		Debug.AspNetCompiler.VirtualPath = "/localhost_51873"
		Debug.AspNetCompiler.PhysicalPath = "ding\"
		Debug.AspNetCompiler.TargetPath = "PrecompiledWeb\localhost_51873\"
		Debug.AspNetCompiler.Updateable = "true"
		Debug.AspNetCompiler.ForceOverwrite = "true"
		Debug.AspNetCompiler.FixedNames = "false"
		Debug.AspNetCompiler.Debug = "True"
		Release.AspNetCompiler.VirtualPath = "/localhost_51873"
		Release.AspNetCompiler.PhysicalPath = "ding\"
		Release.AspNetCompiler.TargetPath = "PrecompiledWeb\localhost_51873\"
		Release.AspNetCompiler.Updateable = "true"
		Release.AspNetCompiler.ForceOverwrite = "true"
		Release.AspNetCompiler.FixedNames = "false"
		Release.AspNetCompiler.Debug = "False"
		VWDPort = "51873"
		SlnRelativePath = "ding\"
		DefaultWebSiteLanguage = "Visual C#"
	EndProjectSection
EndProject
Global
	GlobalSection(SolutionConfigurationPlatforms) = preSolution
		Debug|Any CPU = Debug|Any CPU
	EndGlobalSection
	GlobalSection(ProjectConfigurationPlatforms) = postSolution
		{277F77C8-794E-4FF2-A23A-81E71BAF210D}.Debug|Any CPU.ActiveCfg = Debug|Any CPU
		{277F77C8-794E-4FF2-A23A-81E71BAF210D}.Debug|Any CPU.Build.0 = Debug|Any CPU
	EndGlobalSection
	GlobalSection(SolutionProperties) = preSolution
		HideSolutionNode = FALSE
	EndGlobalSection
	GlobalSection(ExtensibilityGlobals) = postSolution
		SolutionGuid = {E87AB597-F9CD-4126-8F4A-C11D5692CB3D}
	EndGlobalSection
EndGlobal
